github.com/BurntSushi/toml #a368813c5e648fee92e5f6c30e3944ff9d5e8895
github.com/docker/docker #969b76d85f93e214cbc44f25a3f44b67cb0dc078
github.com/docker/go-units #0dadbb0345b35ec7ef35e228dabb8de89a65bf52
github.com/fsouza/go-dockerclient #98edf3edfae6a6500fecc69d2bcccf1302544004
github.com/google/uuid/uuid #7e072fc3a7be179aee6d3359e46015aa8c995314
github.com/gorilla/mux #24fca303ac6da784b9e8269f724ddeb0b2eea5e7
github.com/urfave/cli #7fb9c86b14e6a702a4157ccb5a863f07d844a207
golang.org/x/net #b129b8e0fbeb39c8358e51a07ab6c50ad415e72e
gopkg.in/urfave/cli.v1 #cfb38830724cc34fedffe9a2a29fb54fa9169cd1
gopkg.in/yaml.v2 #eb3733d160e74a9c7e442f435eb3bea458e1d19f
