github.com/BurntSushi/toml #99064174e013895bbd9b025c31100bd1d9b590ca
github.com/docker/docker #fe5f49685df0d52127158f7e9a2882b8c4168dab
github.com/docker/go-units #e30f1e79f3cd72542f2026ceec18d3bd67ab859c
github.com/fsouza/go-dockerclient #53f04ab33b89eef256c320c36435a10b672d473d
github.com/google/uuid/uuid #064e2069ce9c359c118179501254f67d7d37ba24
github.com/gorilla/mux #392c28fe23e1c45ddba891b0320b3b5df220beea
github.com/hashicorp/go-cleanhttp #ad28ea4487f05916463e2423a55166280e8254b5
github.com/urfave/cli #f1be59ff3d239f0942b201619030d302bce912cc
golang.org/x/net #f2499483f923065a842d38eb4c7f1927e6fc6e6d
gopkg.in/urfave/cli.v1 #0bdeddeeb0f650497d603c4ad7b20cfe685682f6
gopkg.in/yaml.v2 #4c78c975fe7c825c6d1466c42be594d1d6f3aba6
